
Microsoft Visual Studio Solution File, Format Version 12.00
# Visual Studio Version 17
VisualStudioVersion = 17.0.31903.59
MinimumVisualStudioVersion = 10.0.40219.1
Project("{2150E333-8FDC-42A3-9474-1A3956D46DE8}") = "src", "src", "{827E0CD3-B72D-47B6-A68D-7590B98EB39B}"
EndProject
Project("{FAE04EC0-301F-11D3-BF4B-00C04F79EFBC}") = "Domain", "src\Domain\Domain.csproj", "{4FDE7B2F-A105-45F3-A2FB-3C5EA2464507}"
EndProject
Project("{FAE04EC0-301F-11D3-BF4B-00C04F79EFBC}") = "Application", "src\Application\Application.csproj", "{47B897D6-0256-4CB4-AF92-9CCF6CFC7CDE}"
EndProject
Project("{FAE04EC0-301F-11D3-BF4B-00C04F79EFBC}") = "Infrastructure", "src\Infrastructure\Infrastructure.csproj", "{1F6CB47A-2196-42DB-87B8-50A28ADB71FF}"
EndProject
Project("{FAE04EC0-301F-11D3-BF4B-00C04F79EFBC}") = "WebApi", "src\WebApi\WebApi.csproj", "{67FE79EB-0C0E-4C83-B997-284926260A29}"
EndProject
Project("{2150E333-8FDC-42A3-9474-1A3956D46DE8}") = "test", "test", "{02EA681E-C7D8-13C7-8484-4AC65E1B71E8}"
EndProject
Project("{FAE04EC0-301F-11D3-BF4B-00C04F79EFBC}") = "Infrastructure.Tests", "test\Application.Tests\Infrastructure.Tests.csproj", "{BE131D53-2BE0-4BEA-B68C-2D3FCC599AD6}"
EndProject
Global
	GlobalSection(SolutionConfigurationPlatforms) = preSolution
		Debug|Any CPU = Debug|Any CPU
		Debug|x64 = Debug|x64
		Debug|x86 = Debug|x86
		Release|Any CPU = Release|Any CPU
		Release|x64 = Release|x64
		Release|x86 = Release|x86
	EndGlobalSection
	GlobalSection(ProjectConfigurationPlatforms) = postSolution
		{4FDE7B2F-A105-45F3-A2FB-3C5EA2464507}.Debug|Any CPU.ActiveCfg = Debug|Any CPU
		{4FDE7B2F-A105-45F3-A2FB-3C5EA2464507}.Debug|Any CPU.Build.0 = Debug|Any CPU
		{4FDE7B2F-A105-45F3-A2FB-3C5EA2464507}.Debug|x64.ActiveCfg = Debug|Any CPU
		{4FDE7B2F-A105-45F3-A2FB-3C5EA2464507}.Debug|x64.Build.0 = Debug|Any CPU
		{4FDE7B2F-A105-45F3-A2FB-3C5EA2464507}.Debug|x86.ActiveCfg = Debug|Any CPU
		{4FDE7B2F-A105-45F3-A2FB-3C5EA2464507}.Debug|x86.Build.0 = Debug|Any CPU
		{4FDE7B2F-A105-45F3-A2FB-3C5EA2464507}.Release|Any CPU.ActiveCfg = Release|Any CPU
		{4FDE7B2F-A105-45F3-A2FB-3C5EA2464507}.Release|Any CPU.Build.0 = Release|Any CPU
		{4FDE7B2F-A105-45F3-A2FB-3C5EA2464507}.Release|x64.ActiveCfg = Release|Any CPU
		{4FDE7B2F-A105-45F3-A2FB-3C5EA2464507}.Release|x64.Build.0 = Release|Any CPU
		{4FDE7B2F-A105-45F3-A2FB-3C5EA2464507}.Release|x86.ActiveCfg = Release|Any CPU
		{4FDE7B2F-A105-45F3-A2FB-3C5EA2464507}.Release|x86.Build.0 = Release|Any CPU
		{47B897D6-0256-4CB4-AF92-9CCF6CFC7CDE}.Debug|Any CPU.ActiveCfg = Debug|Any CPU
		{47B897D6-0256-4CB4-AF92-9CCF6CFC7CDE}.Debug|Any CPU.Build.0 = Debug|Any CPU
		{47B897D6-0256-4CB4-AF92-9CCF6CFC7CDE}.Debug|x64.ActiveCfg = Debug|Any CPU
		{47B897D6-0256-4CB4-AF92-9CCF6CFC7CDE}.Debug|x64.Build.0 = Debug|Any CPU
		{47B897D6-0256-4CB4-AF92-9CCF6CFC7CDE}.Debug|x86.ActiveCfg = Debug|Any CPU
		{47B897D6-0256-4CB4-AF92-9CCF6CFC7CDE}.Debug|x86.Build.0 = Debug|Any CPU
		{47B897D6-0256-4CB4-AF92-9CCF6CFC7CDE}.Release|Any CPU.ActiveCfg = Release|Any CPU
		{47B897D6-0256-4CB4-AF92-9CCF6CFC7CDE}.Release|Any CPU.Build.0 = Release|Any CPU
		{47B897D6-0256-4CB4-AF92-9CCF6CFC7CDE}.Release|x64.ActiveCfg = Release|Any CPU
		{47B897D6-0256-4CB4-AF92-9CCF6CFC7CDE}.Release|x64.Build.0 = Release|Any CPU
		{47B897D6-0256-4CB4-AF92-9CCF6CFC7CDE}.Release|x86.ActiveCfg = Release|Any CPU
		{47B897D6-0256-4CB4-AF92-9CCF6CFC7CDE}.Release|x86.Build.0 = Release|Any CPU
		{1F6CB47A-2196-42DB-87B8-50A28ADB71FF}.Debug|Any CPU.ActiveCfg = Debug|Any CPU
		{1F6CB47A-2196-42DB-87B8-50A28ADB71FF}.Debug|Any CPU.Build.0 = Debug|Any CPU
		{1F6CB47A-2196-42DB-87B8-50A28ADB71FF}.Debug|x64.ActiveCfg = Debug|Any CPU
		{1F6CB47A-2196-42DB-87B8-50A28ADB71FF}.Debug|x64.Build.0 = Debug|Any CPU
		{1F6CB47A-2196-42DB-87B8-50A28ADB71FF}.Debug|x86.ActiveCfg = Debug|Any CPU
		{1F6CB47A-2196-42DB-87B8-50A28ADB71FF}.Debug|x86.Build.0 = Debug|Any CPU
		{1F6CB47A-2196-42DB-87B8-50A28ADB71FF}.Release|Any CPU.ActiveCfg = Release|Any CPU
		{1F6CB47A-2196-42DB-87B8-50A28ADB71FF}.Release|Any CPU.Build.0 = Release|Any CPU
		{1F6CB47A-2196-42DB-87B8-50A28ADB71FF}.Release|x64.ActiveCfg = Release|Any CPU
		{1F6CB47A-2196-42DB-87B8-50A28ADB71FF}.Release|x64.Build.0 = Release|Any CPU
		{1F6CB47A-2196-42DB-87B8-50A28ADB71FF}.Release|x86.ActiveCfg = Release|Any CPU
		{1F6CB47A-2196-42DB-87B8-50A28ADB71FF}.Release|x86.Build.0 = Release|Any CPU
		{67FE79EB-0C0E-4C83-B997-284926260A29}.Debug|Any CPU.ActiveCfg = Debug|Any CPU
		{67FE79EB-0C0E-4C83-B997-284926260A29}.Debug|Any CPU.Build.0 = Debug|Any CPU
		{67FE79EB-0C0E-4C83-B997-284926260A29}.Debug|x64.ActiveCfg = Debug|Any CPU
		{67FE79EB-0C0E-4C83-B997-284926260A29}.Debug|x64.Build.0 = Debug|Any CPU
		{67FE79EB-0C0E-4C83-B997-284926260A29}.Debug|x86.ActiveCfg = Debug|Any CPU
		{67FE79EB-0C0E-4C83-B997-284926260A29}.Debug|x86.Build.0 = Debug|Any CPU
		{67FE79EB-0C0E-4C83-B997-284926260A29}.Release|Any CPU.ActiveCfg = Release|Any CPU
		{67FE79EB-0C0E-4C83-B997-284926260A29}.Release|Any CPU.Build.0 = Release|Any CPU
		{67FE79EB-0C0E-4C83-B997-284926260A29}.Release|x64.ActiveCfg = Release|Any CPU
		{67FE79EB-0C0E-4C83-B997-284926260A29}.Release|x64.Build.0 = Release|Any CPU
		{67FE79EB-0C0E-4C83-B997-284926260A29}.Release|x86.ActiveCfg = Release|Any CPU
		{67FE79EB-0C0E-4C83-B997-284926260A29}.Release|x86.Build.0 = Release|Any CPU
		{BE131D53-2BE0-4BEA-B68C-2D3FCC599AD6}.Debug|Any CPU.ActiveCfg = Debug|Any CPU
		{BE131D53-2BE0-4BEA-B68C-2D3FCC599AD6}.Debug|Any CPU.Build.0 = Debug|Any CPU
		{BE131D53-2BE0-4BEA-B68C-2D3FCC599AD6}.Debug|x64.ActiveCfg = Debug|Any CPU
		{BE131D53-2BE0-4BEA-B68C-2D3FCC599AD6}.Debug|x64.Build.0 = Debug|Any CPU
		{BE131D53-2BE0-4BEA-B68C-2D3FCC599AD6}.Debug|x86.ActiveCfg = Debug|Any CPU
		{BE131D53-2BE0-4BEA-B68C-2D3FCC599AD6}.Debug|x86.Build.0 = Debug|Any CPU
		{BE131D53-2BE0-4BEA-B68C-2D3FCC599AD6}.Release|Any CPU.ActiveCfg = Release|Any CPU
		{BE131D53-2BE0-4BEA-B68C-2D3FCC599AD6}.Release|Any CPU.Build.0 = Release|Any CPU
		{BE131D53-2BE0-4BEA-B68C-2D3FCC599AD6}.Release|x64.ActiveCfg = Release|Any CPU
		{BE131D53-2BE0-4BEA-B68C-2D3FCC599AD6}.Release|x64.Build.0 = Release|Any CPU
		{BE131D53-2BE0-4BEA-B68C-2D3FCC599AD6}.Release|x86.ActiveCfg = Release|Any CPU
		{BE131D53-2BE0-4BEA-B68C-2D3FCC599AD6}.Release|x86.Build.0 = Release|Any CPU
	EndGlobalSection
	GlobalSection(SolutionProperties) = preSolution
		HideSolutionNode = FALSE
	EndGlobalSection
	GlobalSection(NestedProjects) = preSolution
		{4FDE7B2F-A105-45F3-A2FB-3C5EA2464507} = {827E0CD3-B72D-47B6-A68D-7590B98EB39B}
		{47B897D6-0256-4CB4-AF92-9CCF6CFC7CDE} = {827E0CD3-B72D-47B6-A68D-7590B98EB39B}
		{1F6CB47A-2196-42DB-87B8-50A28ADB71FF} = {827E0CD3-B72D-47B6-A68D-7590B98EB39B}
		{67FE79EB-0C0E-4C83-B997-284926260A29} = {827E0CD3-B72D-47B6-A68D-7590B98EB39B}
		{BE131D53-2BE0-4BEA-B68C-2D3FCC599AD6} = {02EA681E-C7D8-13C7-8484-4AC65E1B71E8}
	EndGlobalSection
	GlobalSection(ExtensibilityGlobals) = postSolution
		SolutionGuid = {A20BEB18-0AED-4B14-A7F6-2033A8786534}
	EndGlobalSection
EndGlobal
